
Microsoft Visual Studio Solution File, Format Version 12.00
# Visual Studio Version 17
VisualStudioVersion = 17.1.32228.430
MinimumVisualStudioVersion = 10.0.40219.1
Project("{9A19103F-16F7-4668-BE54-9A1E7A4F7556}") = "FronApiUs.Core", "src\FronApiUs.Core\FronApiUs.Core.csproj", "{599BE063-773E-498D-81A3-81560FB6BAE9}"
EndProject
Project("{FAE04EC0-301F-11D3-BF4B-00C04F79EFBC}") = "FronApiUs.Tests", "test\FronApiUs.Tests\FronApiUs.Tests.csproj", "{98160B12-D3B2-49D3-B7FB-4F23AE3395CE}"
EndProject
Global
	GlobalSection(SolutionConfigurationPlatforms) = preSolution
		Debug|Any CPU = Debug|Any CPU
		Release|Any CPU = Release|Any CPU
	EndGlobalSection
	GlobalSection(ProjectConfigurationPlatforms) = postSolution
		{599BE063-773E-498D-81A3-81560FB6BAE9}.Debug|Any CPU.ActiveCfg = Debug|Any CPU
		{599BE063-773E-498D-81A3-81560FB6BAE9}.Debug|Any CPU.Build.0 = Debug|Any CPU
		{599BE063-773E-498D-81A3-81560FB6BAE9}.Release|Any CPU.ActiveCfg = Release|Any CPU
		{599BE063-773E-498D-81A3-81560FB6BAE9}.Release|Any CPU.Build.0 = Release|Any CPU
		{98160B12-D3B2-49D3-B7FB-4F23AE3395CE}.Debug|Any CPU.ActiveCfg = Debug|Any CPU
		{98160B12-D3B2-49D3-B7FB-4F23AE3395CE}.Debug|Any CPU.Build.0 = Debug|Any CPU
		{98160B12-D3B2-49D3-B7FB-4F23AE3395CE}.Release|Any CPU.ActiveCfg = Release|Any CPU
		{98160B12-D3B2-49D3-B7FB-4F23AE3395CE}.Release|Any CPU.Build.0 = Release|Any CPU
	EndGlobalSection
	GlobalSection(SolutionProperties) = preSolution
		HideSolutionNode = FALSE
	EndGlobalSection
	GlobalSection(ExtensibilityGlobals) = postSolution
		SolutionGuid = {543EA770-F2BB-4CF3-9CE5-0448850434AB}
	EndGlobalSection
EndGlobal
